
Microsoft Visual Studio Solution File, Format Version 12.00
# Visual Studio Version 16
VisualStudioVersion = 16.0.30128.74
MinimumVisualStudioVersion = 10.0.40219.1
Project("{FAE04EC0-301F-11D3-BF4B-00C04F79EFBC}") = "BowlingGameApp", "BowlingGameApp\BowlingGameApp.csproj", "{47D126E8-3C89-49FE-B4A2-CABFB827DA06}"
EndProject
Project("{FAE04EC0-301F-11D3-BF4B-00C04F79EFBC}") = "BowlingGameApp.Tests", "BowlingGameApp.Tests\BowlingGameApp.Tests.csproj", "{67986870-93C2-4E2C-8BF5-69CD6E94979A}"
EndProject
Global
	GlobalSection(SolutionConfigurationPlatforms) = preSolution
		Debug|Any CPU = Debug|Any CPU
		Release|Any CPU = Release|Any CPU
	EndGlobalSection
	GlobalSection(ProjectConfigurationPlatforms) = postSolution
		{47D126E8-3C89-49FE-B4A2-CABFB827DA06}.Debug|Any CPU.ActiveCfg = Debug|Any CPU
		{47D126E8-3C89-49FE-B4A2-CABFB827DA06}.Debug|Any CPU.Build.0 = Debug|Any CPU
		{47D126E8-3C89-49FE-B4A2-CABFB827DA06}.Release|Any CPU.ActiveCfg = Release|Any CPU
		{47D126E8-3C89-49FE-B4A2-CABFB827DA06}.Release|Any CPU.Build.0 = Release|Any CPU
		{67986870-93C2-4E2C-8BF5-69CD6E94979A}.Debug|Any CPU.ActiveCfg = Debug|Any CPU
		{67986870-93C2-4E2C-8BF5-69CD6E94979A}.Debug|Any CPU.Build.0 = Debug|Any CPU
		{67986870-93C2-4E2C-8BF5-69CD6E94979A}.Release|Any CPU.ActiveCfg = Release|Any CPU
		{67986870-93C2-4E2C-8BF5-69CD6E94979A}.Release|Any CPU.Build.0 = Release|Any CPU
	EndGlobalSection
	GlobalSection(SolutionProperties) = preSolution
		HideSolutionNode = FALSE
	EndGlobalSection
	GlobalSection(ExtensibilityGlobals) = postSolution
		SolutionGuid = {3C34C84C-D636-4FD4-94FB-109F942C5A8F}
	EndGlobalSection
EndGlobal
